Microsoft Visual Studio Solution File, Format Version 12.00
# Visual Studio 2012
Project("{FAE04EC0-301F-11D3-BF4B-00C04F79EFBC}") = "FAST_Godot_6", "FAST_Godot_6.csproj", "{45D4CCBA-2A52-4050-89FC-85A9C5D1AE6D}"
EndProject
Global
	GlobalSection(SolutionConfigurationPlatforms) = preSolution
	Debug|Any CPU = Debug|Any CPU
	ExportDebug|Any CPU = ExportDebug|Any CPU
	ExportRelease|Any CPU = ExportRelease|Any CPU
	EndGlobalSection
	GlobalSection(ProjectConfigurationPlatforms) = postSolution
		{45D4CCBA-2A52-4050-89FC-85A9C5D1AE6D}.Debug|Any CPU.ActiveCfg = Debug|Any CPU
		{45D4CCBA-2A52-4050-89FC-85A9C5D1AE6D}.Debug|Any CPU.Build.0 = Debug|Any CPU
		{45D4CCBA-2A52-4050-89FC-85A9C5D1AE6D}.ExportDebug|Any CPU.ActiveCfg = ExportDebug|Any CPU
		{45D4CCBA-2A52-4050-89FC-85A9C5D1AE6D}.ExportDebug|Any CPU.Build.0 = ExportDebug|Any CPU
		{45D4CCBA-2A52-4050-89FC-85A9C5D1AE6D}.ExportRelease|Any CPU.ActiveCfg = ExportRelease|Any CPU
		{45D4CCBA-2A52-4050-89FC-85A9C5D1AE6D}.ExportRelease|Any CPU.Build.0 = ExportRelease|Any CPU
	EndGlobalSection
EndGlobal
